
Microsoft Visual Studio Solution File, Format Version 12.00
# Visual Studio Version 17
VisualStudioVersion = 17.7.34221.43
MinimumVisualStudioVersion = 10.0.40219.1
Project("{FAE04EC0-301F-11D3-BF4B-00C04F79EFBC}") = "VetoresCrescente", "VetoresCrescente\VetoresCrescente.csproj", "{96A0D2BE-3E15-4833-985A-4BDAAF40A9A0}"
EndProject
Global
	GlobalSection(SolutionConfigurationPlatforms) = preSolution
		Debug|Any CPU = Debug|Any CPU
		Release|Any CPU = Release|Any CPU
	EndGlobalSection
	GlobalSection(ProjectConfigurationPlatforms) = postSolution
		{96A0D2BE-3E15-4833-985A-4BDAAF40A9A0}.Debug|Any CPU.ActiveCfg = Debug|Any CPU
		{96A0D2BE-3E15-4833-985A-4BDAAF40A9A0}.Debug|Any CPU.Build.0 = Debug|Any CPU
		{96A0D2BE-3E15-4833-985A-4BDAAF40A9A0}.Release|Any CPU.ActiveCfg = Release|Any CPU
		{96A0D2BE-3E15-4833-985A-4BDAAF40A9A0}.Release|Any CPU.Build.0 = Release|Any CPU
	EndGlobalSection
	GlobalSection(SolutionProperties) = preSolution
		HideSolutionNode = FALSE
	EndGlobalSection
	GlobalSection(ExtensibilityGlobals) = postSolution
		SolutionGuid = {645158E9-3662-4439-9868-D5460153C6B5}
	EndGlobalSection
EndGlobal
